
Microsoft Visual Studio Solution File, Format Version 12.00
# Visual Studio Version 17
VisualStudioVersion = 17.0.31903.59
MinimumVisualStudioVersion = 10.0.40219.1
Project("{2150E333-8FDC-42A3-9474-1A3956D46DE8}") = "src", "src", "{827E0CD3-B72D-47B6-A68D-7590B98EB39B}"
EndProject
Project("{FAE04EC0-301F-11D3-BF4B-00C04F79EFBC}") = "Jamaat.Domain", "src\Jamaat.Domain\Jamaat.Domain.csproj", "{5516B5A7-695C-49F5-B932-F0DEEE3BF708}"
EndProject
Project("{FAE04EC0-301F-11D3-BF4B-00C04F79EFBC}") = "Jamaat.Application", "src\Jamaat.Application\Jamaat.Application.csproj", "{F5A8B4B5-7527-41F5-81A6-07F2B8D7B111}"
EndProject
Project("{FAE04EC0-301F-11D3-BF4B-00C04F79EFBC}") = "Jamaat.Infrastructure", "src\Jamaat.Infrastructure\Jamaat.Infrastructure.csproj", "{8B710C40-93D2-436F-81A4-A282BD6A5CCA}"
EndProject
Project("{FAE04EC0-301F-11D3-BF4B-00C04F79EFBC}") = "Jamaat.Contracts", "src\Jamaat.Contracts\Jamaat.Contracts.csproj", "{4B266DAE-4701-4685-8605-76128168B6DD}"
EndProject
Project("{FAE04EC0-301F-11D3-BF4B-00C04F79EFBC}") = "Jamaat.Api", "src\Jamaat.Api\Jamaat.Api.csproj", "{63AC6251-8702-495A-A23D-05F432817CD3}"
EndProject
Project("{2150E333-8FDC-42A3-9474-1A3956D46DE8}") = "tests", "tests", "{0AB3BF05-4346-4AA6-1389-037BE0695223}"
EndProject
Project("{FAE04EC0-301F-11D3-BF4B-00C04F79EFBC}") = "Jamaat.UnitTests", "tests\Jamaat.UnitTests\Jamaat.UnitTests.csproj", "{918BF673-8B75-4154-A546-683E9074BE78}"
EndProject
Project("{FAE04EC0-301F-11D3-BF4B-00C04F79EFBC}") = "Jamaat.IntegrationTests", "tests\Jamaat.IntegrationTests\Jamaat.IntegrationTests.csproj", "{15F1ABBD-BA87-442C-B9F7-271FD6FDD041}"
EndProject
Global
	GlobalSection(SolutionConfigurationPlatforms) = preSolution
		Debug|Any CPU = Debug|Any CPU
		Debug|x64 = Debug|x64
		Debug|x86 = Debug|x86
		Release|Any CPU = Release|Any CPU
		Release|x64 = Release|x64
		Release|x86 = Release|x86
	EndGlobalSection
	GlobalSection(ProjectConfigurationPlatforms) = postSolution
		{5516B5A7-695C-49F5-B932-F0DEEE3BF708}.Debug|Any CPU.ActiveCfg = Debug|Any CPU
		{5516B5A7-695C-49F5-B932-F0DEEE3BF708}.Debug|Any CPU.Build.0 = Debug|Any CPU
		{5516B5A7-695C-49F5-B932-F0DEEE3BF708}.Debug|x64.ActiveCfg = Debug|Any CPU
		{5516B5A7-695C-49F5-B932-F0DEEE3BF708}.Debug|x64.Build.0 = Debug|Any CPU
		{5516B5A7-695C-49F5-B932-F0DEEE3BF708}.Debug|x86.ActiveCfg = Debug|Any CPU
		{5516B5A7-695C-49F5-B932-F0DEEE3BF708}.Debug|x86.Build.0 = Debug|Any CPU
		{5516B5A7-695C-49F5-B932-F0DEEE3BF708}.Release|Any CPU.ActiveCfg = Release|Any CPU
		{5516B5A7-695C-49F5-B932-F0DEEE3BF708}.Release|Any CPU.Build.0 = Release|Any CPU
		{5516B5A7-695C-49F5-B932-F0DEEE3BF708}.Release|x64.ActiveCfg = Release|Any CPU
		{5516B5A7-695C-49F5-B932-F0DEEE3BF708}.Release|x64.Build.0 = Release|Any CPU
		{5516B5A7-695C-49F5-B932-F0DEEE3BF708}.Release|x86.ActiveCfg = Release|Any CPU
		{5516B5A7-695C-49F5-B932-F0DEEE3BF708}.Release|x86.Build.0 = Release|Any CPU
		{F5A8B4B5-7527-41F5-81A6-07F2B8D7B111}.Debug|Any CPU.ActiveCfg = Debug|Any CPU
		{F5A8B4B5-7527-41F5-81A6-07F2B8D7B111}.Debug|Any CPU.Build.0 = Debug|Any CPU
		{F5A8B4B5-7527-41F5-81A6-07F2B8D7B111}.Debug|x64.ActiveCfg = Debug|Any CPU
		{F5A8B4B5-7527-41F5-81A6-07F2B8D7B111}.Debug|x64.Build.0 = Debug|Any CPU
		{F5A8B4B5-7527-41F5-81A6-07F2B8D7B111}.Debug|x86.ActiveCfg = Debug|Any CPU
		{F5A8B4B5-7527-41F5-81A6-07F2B8D7B111}.Debug|x86.Build.0 = Debug|Any CPU
		{F5A8B4B5-7527-41F5-81A6-07F2B8D7B111}.Release|Any CPU.ActiveCfg = Release|Any CPU
		{F5A8B4B5-7527-41F5-81A6-07F2B8D7B111}.Release|Any CPU.Build.0 = Release|Any CPU
		{F5A8B4B5-7527-41F5-81A6-07F2B8D7B111}.Release|x64.ActiveCfg = Release|Any CPU
		{F5A8B4B5-7527-41F5-81A6-07F2B8D7B111}.Release|x64.Build.0 = Release|Any CPU
		{F5A8B4B5-7527-41F5-81A6-07F2B8D7B111}.Release|x86.ActiveCfg = Release|Any CPU
		{F5A8B4B5-7527-41F5-81A6-07F2B8D7B111}.Release|x86.Build.0 = Release|Any CPU
		{8B710C40-93D2-436F-81A4-A282BD6A5CCA}.Debug|Any CPU.ActiveCfg = Debug|Any CPU
		{8B710C40-93D2-436F-81A4-A282BD6A5CCA}.Debug|Any CPU.Build.0 = Debug|Any CPU
		{8B710C40-93D2-436F-81A4-A282BD6A5CCA}.Debug|x64.ActiveCfg = Debug|Any CPU
		{8B710C40-93D2-436F-81A4-A282BD6A5CCA}.Debug|x64.Build.0 = Debug|Any CPU
		{8B710C40-93D2-436F-81A4-A282BD6A5CCA}.Debug|x86.ActiveCfg = Debug|Any CPU
		{8B710C40-93D2-436F-81A4-A282BD6A5CCA}.Debug|x86.Build.0 = Debug|Any CPU
		{8B710C40-93D2-436F-81A4-A282BD6A5CCA}.Release|Any CPU.ActiveCfg = Release|Any CPU
		{8B710C40-93D2-436F-81A4-A282BD6A5CCA}.Release|Any CPU.Build.0 = Release|Any CPU
		{8B710C40-93D2-436F-81A4-A282BD6A5CCA}.Release|x64.ActiveCfg = Release|Any CPU
		{8B710C40-93D2-436F-81A4-A282BD6A5CCA}.Release|x64.Build.0 = Release|Any CPU
		{8B710C40-93D2-436F-81A4-A282BD6A5CCA}.Release|x86.ActiveCfg = Release|Any CPU
		{8B710C40-93D2-436F-81A4-A282BD6A5CCA}.Release|x86.Build.0 = Release|Any CPU
		{4B266DAE-4701-4685-8605-76128168B6DD}.Debug|Any CPU.ActiveCfg = Debug|Any CPU
		{4B266DAE-4701-4685-8605-76128168B6DD}.Debug|Any CPU.Build.0 = Debug|Any CPU
		{4B266DAE-4701-4685-8605-76128168B6DD}.Debug|x64.ActiveCfg = Debug|Any CPU
		{4B266DAE-4701-4685-8605-76128168B6DD}.Debug|x64.Build.0 = Debug|Any CPU
		{4B266DAE-4701-4685-8605-76128168B6DD}.Debug|x86.ActiveCfg = Debug|Any CPU
		{4B266DAE-4701-4685-8605-76128168B6DD}.Debug|x86.Build.0 = Debug|Any CPU
		{4B266DAE-4701-4685-8605-76128168B6DD}.Release|Any CPU.ActiveCfg = Release|Any CPU
		{4B266DAE-4701-4685-8605-76128168B6DD}.Release|Any CPU.Build.0 = Release|Any CPU
		{4B266DAE-4701-4685-8605-76128168B6DD}.Release|x64.ActiveCfg = Release|Any CPU
		{4B266DAE-4701-4685-8605-76128168B6DD}.Release|x64.Build.0 = Release|Any CPU
		{4B266DAE-4701-4685-8605-76128168B6DD}.Release|x86.ActiveCfg = Release|Any CPU
		{4B266DAE-4701-4685-8605-76128168B6DD}.Release|x86.Build.0 = Release|Any CPU
		{63AC6251-8702-495A-A23D-05F432817CD3}.Debug|Any CPU.ActiveCfg = Debug|Any CPU
		{63AC6251-8702-495A-A23D-05F432817CD3}.Debug|Any CPU.Build.0 = Debug|Any CPU
		{63AC6251-8702-495A-A23D-05F432817CD3}.Debug|x64.ActiveCfg = Debug|Any CPU
		{63AC6251-8702-495A-A23D-05F432817CD3}.Debug|x64.Build.0 = Debug|Any CPU
		{63AC6251-8702-495A-A23D-05F432817CD3}.Debug|x86.ActiveCfg = Debug|Any CPU
		{63AC6251-8702-495A-A23D-05F432817CD3}.Debug|x86.Build.0 = Debug|Any CPU
		{63AC6251-8702-495A-A23D-05F432817CD3}.Release|Any CPU.ActiveCfg = Release|Any CPU
		{63AC6251-8702-495A-A23D-05F432817CD3}.Release|Any CPU.Build.0 = Release|Any CPU
		{63AC6251-8702-495A-A23D-05F432817CD3}.Release|x64.ActiveCfg = Release|Any CPU
		{63AC6251-8702-495A-A23D-05F432817CD3}.Release|x64.Build.0 = Release|Any CPU
		{63AC6251-8702-495A-A23D-05F432817CD3}.Release|x86.ActiveCfg = Release|Any CPU
		{63AC6251-8702-495A-A23D-05F432817CD3}.Release|x86.Build.0 = Release|Any CPU
		{918BF673-8B75-4154-A546-683E9074BE78}.Debug|Any CPU.ActiveCfg = Debug|Any CPU
		{918BF673-8B75-4154-A546-683E9074BE78}.Debug|Any CPU.Build.0 = Debug|Any CPU
		{918BF673-8B75-4154-A546-683E9074BE78}.Debug|x64.ActiveCfg = Debug|Any CPU
		{918BF673-8B75-4154-A546-683E9074BE78}.Debug|x64.Build.0 = Debug|Any CPU
		{918BF673-8B75-4154-A546-683E9074BE78}.Debug|x86.ActiveCfg = Debug|Any CPU
		{918BF673-8B75-4154-A546-683E9074BE78}.Debug|x86.Build.0 = Debug|Any CPU
		{918BF673-8B75-4154-A546-683E9074BE78}.Release|Any CPU.ActiveCfg = Release|Any CPU
		{918BF673-8B75-4154-A546-683E9074BE78}.Release|Any CPU.Build.0 = Release|Any CPU
		{918BF673-8B75-4154-A546-683E9074BE78}.Release|x64.ActiveCfg = Release|Any CPU
		{918BF673-8B75-4154-A546-683E9074BE78}.Release|x64.Build.0 = Release|Any CPU
		{918BF673-8B75-4154-A546-683E9074BE78}.Release|x86.ActiveCfg = Release|Any CPU
		{918BF673-8B75-4154-A546-683E9074BE78}.Release|x86.Build.0 = Release|Any CPU
		{15F1ABBD-BA87-442C-B9F7-271FD6FDD041}.Debug|Any CPU.ActiveCfg = Debug|Any CPU
		{15F1ABBD-BA87-442C-B9F7-271FD6FDD041}.Debug|Any CPU.Build.0 = Debug|Any CPU
		{15F1ABBD-BA87-442C-B9F7-271FD6FDD041}.Debug|x64.ActiveCfg = Debug|Any CPU
		{15F1ABBD-BA87-442C-B9F7-271FD6FDD041}.Debug|x64.Build.0 = Debug|Any CPU
		{15F1ABBD-BA87-442C-B9F7-271FD6FDD041}.Debug|x86.ActiveCfg = Debug|Any CPU
		{15F1ABBD-BA87-442C-B9F7-271FD6FDD041}.Debug|x86.Build.0 = Debug|Any CPU
		{15F1ABBD-BA87-442C-B9F7-271FD6FDD041}.Release|Any CPU.ActiveCfg = Release|Any CPU
		{15F1ABBD-BA87-442C-B9F7-271FD6FDD041}.Release|Any CPU.Build.0 = Release|Any CPU
		{15F1ABBD-BA87-442C-B9F7-271FD6FDD041}.Release|x64.ActiveCfg = Release|Any CPU
		{15F1ABBD-BA87-442C-B9F7-271FD6FDD041}.Release|x64.Build.0 = Release|Any CPU
		{15F1ABBD-BA87-442C-B9F7-271FD6FDD041}.Release|x86.ActiveCfg = Release|Any CPU
		{15F1ABBD-BA87-442C-B9F7-271FD6FDD041}.Release|x86.Build.0 = Release|Any CPU
	EndGlobalSection
	GlobalSection(SolutionProperties) = preSolution
		HideSolutionNode = FALSE
	EndGlobalSection
	GlobalSection(NestedProjects) = preSolution
		{5516B5A7-695C-49F5-B932-F0DEEE3BF708} = {827E0CD3-B72D-47B6-A68D-7590B98EB39B}
		{F5A8B4B5-7527-41F5-81A6-07F2B8D7B111} = {827E0CD3-B72D-47B6-A68D-7590B98EB39B}
		{8B710C40-93D2-436F-81A4-A282BD6A5CCA} = {827E0CD3-B72D-47B6-A68D-7590B98EB39B}
		{4B266DAE-4701-4685-8605-76128168B6DD} = {827E0CD3-B72D-47B6-A68D-7590B98EB39B}
		{63AC6251-8702-495A-A23D-05F432817CD3} = {827E0CD3-B72D-47B6-A68D-7590B98EB39B}
		{918BF673-8B75-4154-A546-683E9074BE78} = {0AB3BF05-4346-4AA6-1389-037BE0695223}
		{15F1ABBD-BA87-442C-B9F7-271FD6FDD041} = {0AB3BF05-4346-4AA6-1389-037BE0695223}
	EndGlobalSection
EndGlobal
